<Solution>
  <Project Path="E470.AuditLog.Consumer/E470.AuditLog.Consumer.csproj" />
  <Project Path="E470.AuditLog.Produser.AppHost/E470.AuditLog.Produser.AppHost.csproj" />
  <Project Path="E470.AuditLog.Produser.ServiceDefaults/E470.AuditLog.Produser.ServiceDefaults.csproj" />
  <Project Path="E470.AuditLog.Produser/E470.AuditLog.Produser.csproj" />
</Solution>
